
Microsoft Visual Studio Solution File, Format Version 12.00
# Visual Studio Version 17
VisualStudioVersion = 17.5.002.0
MinimumVisualStudioVersion = 10.0.40219.1
Project("{9A19103F-16F7-4668-BE54-9A1E7A4F7556}") = "TelefonRehberiApi", "TelefonRehberiApi.csproj", "{FBA2BA5C-C6FF-48E2-9281-E76DAD0253B9}"
EndProject
Global
	GlobalSection(SolutionConfigurationPlatforms) = preSolution
		Debug|Any CPU = Debug|Any CPU
		Release|Any CPU = Release|Any CPU
	EndGlobalSection
	GlobalSection(ProjectConfigurationPlatforms) = postSolution
		{FBA2BA5C-C6FF-48E2-9281-E76DAD0253B9}.Debug|Any CPU.ActiveCfg = Debug|Any CPU
		{FBA2BA5C-C6FF-48E2-9281-E76DAD0253B9}.Debug|Any CPU.Build.0 = Debug|Any CPU
		{FBA2BA5C-C6FF-48E2-9281-E76DAD0253B9}.Release|Any CPU.ActiveCfg = Release|Any CPU
		{FBA2BA5C-C6FF-48E2-9281-E76DAD0253B9}.Release|Any CPU.Build.0 = Release|Any CPU
	EndGlobalSection
	GlobalSection(SolutionProperties) = preSolution
		HideSolutionNode = FALSE
	EndGlobalSection
	GlobalSection(ExtensibilityGlobals) = postSolution
		SolutionGuid = {B5D642F1-59D6-492D-8A82-6F907BCB9E6F}
	EndGlobalSection
EndGlobal
