
Microsoft Visual Studio Solution File, Format Version 12.00
# Visual Studio Version 17
VisualStudioVersion = 17.5.002.0
MinimumVisualStudioVersion = 10.0.40219.1
Project("{9A19103F-16F7-4668-BE54-9A1E7A4F7556}") = "TelefonRehberiWeb", "TelefonRehberiWeb.csproj", "{EF58138F-3F55-4CC2-AED7-25C9265AA2BE}"
EndProject
Global
	GlobalSection(SolutionConfigurationPlatforms) = preSolution
		Debug|Any CPU = Debug|Any CPU
		Release|Any CPU = Release|Any CPU
	EndGlobalSection
	GlobalSection(ProjectConfigurationPlatforms) = postSolution
		{EF58138F-3F55-4CC2-AED7-25C9265AA2BE}.Debug|Any CPU.ActiveCfg = Debug|Any CPU
		{EF58138F-3F55-4CC2-AED7-25C9265AA2BE}.Debug|Any CPU.Build.0 = Debug|Any CPU
		{EF58138F-3F55-4CC2-AED7-25C9265AA2BE}.Release|Any CPU.ActiveCfg = Release|Any CPU
		{EF58138F-3F55-4CC2-AED7-25C9265AA2BE}.Release|Any CPU.Build.0 = Release|Any CPU
	EndGlobalSection
	GlobalSection(SolutionProperties) = preSolution
		HideSolutionNode = FALSE
	EndGlobalSection
	GlobalSection(ExtensibilityGlobals) = postSolution
		SolutionGuid = {0A368DB9-F4AA-41B3-82B2-8A3A08909208}
	EndGlobalSection
EndGlobal
